// !$*UTF8*$!
{
	archiveVersion = 1;
	classes = {
	};
	objectVersion = 51;
	objects = {

/* Begin PBXBuildFile section */
		2B5C3488156AA0F15A42B884 /* Pods_CNNFeed.framework in Frameworks */ = {isa = PBXBuildFile; fileRef = EAC25F52869A69A0033725E3 /* Pods_CNNFeed.framework */; };
		2E039CA2F1571CE38227ACC6 /* Pods_CNNFeed_CNNFeedUITests.framework in Frameworks */ = {isa = PBXBuildFile; fileRef = 2541FA8F5433DD390255503F /* Pods_CNNFeed_CNNFeedUITests.framework */; };
		4341DAA14627E1E6FF64CEA9 /* Pods_CNNFeedTests.framework in Frameworks */ = {isa = PBXBuildFile; fileRef = DB8B34495DE40CB5CAADA4F9 /* Pods_CNNFeedTests.framework */; };
		49A54D62255EC011000F450F /* CNNChannelModel.swift in Sources */ = {isa = PBXBuildFile; fileRef = 49A54D61255EC011000F450F /* CNNChannelModel.swift */; };
		49A54D6D255EC0F7000F450F /* Endpoint.swift in Sources */ = {isa = PBXBuildFile; fileRef = 49A54D6C255EC0F7000F450F /* Endpoint.swift */; };
		49BD8961255D665600DDF0A0 /* CNNFeedApp.swift in Sources */ = {isa = PBXBuildFile; fileRef = 49BD8960255D665600DDF0A0 /* CNNFeedApp.swift */; };
		49BD8965255D665700DDF0A0 /* Assets.xcassets in Resources */ = {isa = PBXBuildFile; fileRef = 49BD8964255D665700DDF0A0 /* Assets.xcassets */; };
		49BD8968255D665700DDF0A0 /* Preview Assets.xcassets in Resources */ = {isa = PBXBuildFile; fileRef = 49BD8967255D665700DDF0A0 /* Preview Assets.xcassets */; };
		49BD896A255D665700DDF0A0 /* Persistence.swift in Sources */ = {isa = PBXBuildFile; fileRef = 49BD8969255D665700DDF0A0 /* Persistence.swift */; };
		49BD8983255D665700DDF0A0 /* CNNFeedUITests.swift in Sources */ = {isa = PBXBuildFile; fileRef = 49BD8982255D665700DDF0A0 /* CNNFeedUITests.swift */; };
		49BD8996255D66B800DDF0A0 /* DIContainer.swift in Sources */ = {isa = PBXBuildFile; fileRef = 49BD8995255D66B800DDF0A0 /* DIContainer.swift */; };
		49BD89A3255D678600DDF0A0 /* WelcomeView.swift in Sources */ = {isa = PBXBuildFile; fileRef = 49BD89A2255D678600DDF0A0 /* WelcomeView.swift */; };
		49BD89AE255D680B00DDF0A0 /* FeedViewModel.swift in Sources */ = {isa = PBXBuildFile; fileRef = 49BD89AD255D680B00DDF0A0 /* FeedViewModel.swift */; };
		49BD89C3255D68F000DDF0A0 /* DefaultDataRepository.swift in Sources */ = {isa = PBXBuildFile; fileRef = 49BD89C2255D68F000DDF0A0 /* DefaultDataRepository.swift */; };
		49BD89C8255D690700DDF0A0 /* DataRepository.swift in Sources */ = {isa = PBXBuildFile; fileRef = 49BD89C7255D690700DDF0A0 /* DataRepository.swift */; };
		49BD89D0255D6A2A00DDF0A0 /* DataManager.swift in Sources */ = {isa = PBXBuildFile; fileRef = 49BD89CF255D6A2A00DDF0A0 /* DataManager.swift */; };
		49BD89D5255D6C3800DDF0A0 /* FeedUseCase.swift in Sources */ = {isa = PBXBuildFile; fileRef = 49BD89D4255D6C3800DDF0A0 /* FeedUseCase.swift */; };
		49BD89F9255D87B900DDF0A0 /* FeedItemsParser.swift in Sources */ = {isa = PBXBuildFile; fileRef = 49BD89F8255D87B900DDF0A0 /* FeedItemsParser.swift */; };
		49BD89FF255DB20D00DDF0A0 /* FeedTabView.swift in Sources */ = {isa = PBXBuildFile; fileRef = 49BD89FE255DB20D00DDF0A0 /* FeedTabView.swift */; };
		49BD8A08255DB30B00DDF0A0 /* TravelFeedView.swift in Sources */ = {isa = PBXBuildFile; fileRef = 49BD8A07255DB30B00DDF0A0 /* TravelFeedView.swift */; };
		49BD8A16255DBBA800DDF0A0 /* Date+Formatter.swift in Sources */ = {isa = PBXBuildFile; fileRef = 49BD8A15255DBBA800DDF0A0 /* Date+Formatter.swift */; };
		49BD8A1B255DBE2500DDF0A0 /* SportAndEntertainmentFeedView.swift in Sources */ = {isa = PBXBuildFile; fileRef = 49BD8A1A255DBE2500DDF0A0 /* SportAndEntertainmentFeedView.swift */; };
		49BD8A28255DC18A00DDF0A0 /* ItemFeedView.swift in Sources */ = {isa = PBXBuildFile; fileRef = 49BD8A27255DC18A00DDF0A0 /* ItemFeedView.swift */; };
		49BD8A2D255DC4EF00DDF0A0 /* EmptyFeedView.swift in Sources */ = {isa = PBXBuildFile; fileRef = 49BD8A2C255DC4EF00DDF0A0 /* EmptyFeedView.swift */; };
		49BD8A36255DCB0D00DDF0A0 /* WebView.swift in Sources */ = {isa = PBXBuildFile; fileRef = 49BD8A35255DCB0D00DDF0A0 /* WebView.swift */; };
		49BD8A79255E9BFC00DDF0A0 /* Color+FeedItem.swift in Sources */ = {isa = PBXBuildFile; fileRef = 49BD8A78255E9BFC00DDF0A0 /* Color+FeedItem.swift */; };
		49CD2A5B256EA76E005D1CDA /* FeedItemsParserTests.swift in Sources */ = {isa = PBXBuildFile; fileRef = 49CD2A5A256EA76E005D1CDA /* FeedItemsParserTests.swift */; };
		49CD2A71256EAB23005D1CDA /* FakeNetworkData.swift in Sources */ = {isa = PBXBuildFile; fileRef = 49CD2A62256EA85B005D1CDA /* FakeNetworkData.swift */; };
		49CD2A8B256EB5D1005D1CDA /* FeedUseCaseTests.swift in Sources */ = {isa = PBXBuildFile; fileRef = 49CD2A8A256EB5D1005D1CDA /* FeedUseCaseTests.swift */; };
		49CD2AAE256EDAD1005D1CDA /* MockDataRepository.swift in Sources */ = {isa = PBXBuildFile; fileRef = 49CD2A98256ED964005D1CDA /* MockDataRepository.swift */; };
		49CD2ABA256EDB38005D1CDA /* DataManagerTests.swift in Sources */ = {isa = PBXBuildFile; fileRef = 49CD2AB9256EDB38005D1CDA /* DataManagerTests.swift */; };
		49CD2AD1256EEB9A005D1CDA /* MockDIContainer.swift in Sources */ = {isa = PBXBuildFile; fileRef = 49CD2AD0256EEB9A005D1CDA /* MockDIContainer.swift */; };
		49CD2ADB256EF918005D1CDA /* MockPersistence.swift in Sources */ = {isa = PBXBuildFile; fileRef = 49CD2ADA256EF918005D1CDA /* MockPersistence.swift */; };
		49CD2AE4256F0102005D1CDA /* FeedItemTests+CoreData.swift in Sources */ = {isa = PBXBuildFile; fileRef = 49CD2AE3256F0102005D1CDA /* FeedItemTests+CoreData.swift */; };
		49CD2AF3256F028D005D1CDA /* FakeFeedItems.swift in Sources */ = {isa = PBXBuildFile; fileRef = 49CD2AF2256F028D005D1CDA /* FakeFeedItems.swift */; };
		49CD2B73256F11BE005D1CDA /* CNNFeed.xcdatamodeld in Sources */ = {isa = PBXBuildFile; fileRef = 49BD896B255D665700DDF0A0 /* CNNFeed.xcdatamodeld */; };
		49CD2BCC256FD9C0005D1CDA /* FeedItem+CoreData.swift in Sources */ = {isa = PBXBuildFile; fileRef = 49BD89EF255D7DBD00DDF0A0 /* FeedItem+CoreData.swift */; };
		49CD2BFD256FF0EC005D1CDA /* FeedViewModelTests.swift in Sources */ = {isa = PBXBuildFile; fileRef = 49CD2BFC256FF0EC005D1CDA /* FeedViewModelTests.swift */; };
		49F3DBDA256E94B100AEDD8B /* DateTests+Formatter.swift in Sources */ = {isa = PBXBuildFile; fileRef = 49F3DBD9256E94B100AEDD8B /* DateTests+Formatter.swift */; };
		49F3DBE2256E94BF00AEDD8B /* ColorTests+FeedItem.swift in Sources */ = {isa = PBXBuildFile; fileRef = 49F3DBE1256E94BF00AEDD8B /* ColorTests+FeedItem.swift */; };
		49F3DBE9256E99D800AEDD8B /* EndpointTests.swift in Sources */ = {isa = PBXBuildFile; fileRef = 49F3DBE8256E99D800AEDD8B /* EndpointTests.swift */; };
/* End PBXBuildFile section */

/* Begin PBXContainerItemProxy section */
		49BD8974255D665700DDF0A0 /* PBXContainerItemProxy */ = {
			isa = PBXContainerItemProxy;
			containerPortal = 49BD8955255D665600DDF0A0 /* Project object */;
			proxyType = 1;
			remoteGlobalIDString = 49BD895C255D665600DDF0A0;
			remoteInfo = CNNFeed;
		};
		49BD897F255D665700DDF0A0 /* PBXContainerItemProxy */ = {
			isa = PBXContainerItemProxy;
			containerPortal = 49BD8955255D665600DDF0A0 /* Project object */;
			proxyType = 1;
			remoteGlobalIDString = 49BD895C255D665600DDF0A0;
			remoteInfo = CNNFeed;
		};
/* End PBXContainerItemProxy section */

/* Begin PBXFileReference section */
		0013F719844B657A5EB7FCB7 /* Pods-CNNFeed.release.xcconfig */ = {isa = PBXFileReference; includeInIndex = 1; lastKnownFileType = text.xcconfig; name = "Pods-CNNFeed.release.xcconfig"; path = "Target Support Files/Pods-CNNFeed/Pods-CNNFeed.release.xcconfig"; sourceTree = "<group>"; };
		0C33AEC20C24FB03F746703B /* Pods-CNNFeed-CNNFeedUITests.debug.xcconfig */ = {isa = PBXFileReference; includeInIndex = 1; lastKnownFileType = text.xcconfig; name = "Pods-CNNFeed-CNNFeedUITests.debug.xcconfig"; path = "Target Support Files/Pods-CNNFeed-CNNFeedUITests/Pods-CNNFeed-CNNFeedUITests.debug.xcconfig"; sourceTree = "<group>"; };
		2541FA8F5433DD390255503F /* Pods_CNNFeed_CNNFeedUITests.framework */ = {isa = PBXFileReference; explicitFileType = wrapper.framework; includeInIndex = 0; path = Pods_CNNFeed_CNNFeedUITests.framework; sourceTree = BUILT_PRODUCTS_DIR; };
		3365E07B6E32F942B6881AA3 /* Pods-CNNFeed-CNNFeedUITests.release.xcconfig */ = {isa = PBXFileReference; includeInIndex = 1; lastKnownFileType = text.xcconfig; name = "Pods-CNNFeed-CNNFeedUITests.release.xcconfig"; path = "Target Support Files/Pods-CNNFeed-CNNFeedUITests/Pods-CNNFeed-CNNFeedUITests.release.xcconfig"; sourceTree = "<group>"; };
		49A54D61255EC011000F450F /* CNNChannelModel.swift */ = {isa = PBXFileReference; lastKnownFileType = sourcecode.swift; path = CNNChannelModel.swift; sourceTree = "<group>"; };
		49A54D6C255EC0F7000F450F /* Endpoint.swift */ = {isa = PBXFileReference; lastKnownFileType = sourcecode.swift; path = Endpoint.swift; sourceTree = "<group>"; };
		49BD895D255D665600DDF0A0 /* CNNFeed.app */ = {isa = PBXFileReference; explicitFileType = wrapper.application; includeInIndex = 0; path = CNNFeed.app; sourceTree = BUILT_PRODUCTS_DIR; };
		49BD8960255D665600DDF0A0 /* CNNFeedApp.swift */ = {isa = PBXFileReference; lastKnownFileType = sourcecode.swift; path = CNNFeedApp.swift; sourceTree = "<group>"; };
		49BD8964255D665700DDF0A0 /* Assets.xcassets */ = {isa = PBXFileReference; lastKnownFileType = folder.assetcatalog; path = Assets.xcassets; sourceTree = "<group>"; };
		49BD8967255D665700DDF0A0 /* Preview Assets.xcassets */ = {isa = PBXFileReference; lastKnownFileType = folder.assetcatalog; path = "Preview Assets.xcassets"; sourceTree = "<group>"; };
		49BD8969255D665700DDF0A0 /* Persistence.swift */ = {isa = PBXFileReference; lastKnownFileType = sourcecode.swift; path = Persistence.swift; sourceTree = "<group>"; };
		49BD896C255D665700DDF0A0 /* CNNFeed.xcdatamodel */ = {isa = PBXFileReference; lastKnownFileType = wrapper.xcdatamodel; path = CNNFeed.xcdatamodel; sourceTree = "<group>"; };
		49BD896E255D665700DDF0A0 /* Info.plist */ = {isa = PBXFileReference; lastKnownFileType = text.plist.xml; path = Info.plist; sourceTree = "<group>"; };
		49BD8973255D665700DDF0A0 /* CNNFeedTests.xctest */ = {isa = PBXFileReference; explicitFileType = wrapper.cfbundle; includeInIndex = 0; path = CNNFeedTests.xctest; sourceTree = BUILT_PRODUCTS_DIR; };
		49BD8979255D665700DDF0A0 /* Info.plist */ = {isa = PBXFileReference; lastKnownFileType = text.plist.xml; path = Info.plist; sourceTree = "<group>"; };
		49BD897E255D665700DDF0A0 /* CNNFeedUITests.xctest */ = {isa = PBXFileReference; explicitFileType = wrapper.cfbundle; includeInIndex = 0; path = CNNFeedUITests.xctest; sourceTree = BUILT_PRODUCTS_DIR; };
		49BD8982255D665700DDF0A0 /* CNNFeedUITests.swift */ = {isa = PBXFileReference; lastKnownFileType = sourcecode.swift; path = CNNFeedUITests.swift; sourceTree = "<group>"; };
		49BD8984255D665700DDF0A0 /* Info.plist */ = {isa = PBXFileReference; lastKnownFileType = text.plist.xml; path = Info.plist; sourceTree = "<group>"; };
		49BD8995255D66B800DDF0A0 /* DIContainer.swift */ = {isa = PBXFileReference; lastKnownFileType = sourcecode.swift; path = DIContainer.swift; sourceTree = "<group>"; };
		49BD89A2255D678600DDF0A0 /* WelcomeView.swift */ = {isa = PBXFileReference; lastKnownFileType = sourcecode.swift; path = WelcomeView.swift; sourceTree = "<group>"; };
		49BD89AD255D680B00DDF0A0 /* FeedViewModel.swift */ = {isa = PBXFileReference; lastKnownFileType = sourcecode.swift; path = FeedViewModel.swift; sourceTree = "<group>"; };
		49BD89C2255D68F000DDF0A0 /* DefaultDataRepository.swift */ = {isa = PBXFileReference; lastKnownFileType = sourcecode.swift; path = DefaultDataRepository.swift; sourceTree = "<group>"; };
		49BD89C7255D690700DDF0A0 /* DataRepository.swift */ = {isa = PBXFileReference; lastKnownFileType = sourcecode.swift; path = DataRepository.swift; sourceTree = "<group>"; };
		49BD89CF255D6A2A00DDF0A0 /* DataManager.swift */ = {isa = PBXFileReference; lastKnownFileType = sourcecode.swift; path = DataManager.swift; sourceTree = "<group>"; };
		49BD89D4255D6C3800DDF0A0 /* FeedUseCase.swift */ = {isa = PBXFileReference; lastKnownFileType = sourcecode.swift; path = FeedUseCase.swift; sourceTree = "<group>"; };
		49BD89EF255D7DBD00DDF0A0 /* FeedItem+CoreData.swift */ = {isa = PBXFileReference; lastKnownFileType = sourcecode.swift; path = "FeedItem+CoreData.swift"; sourceTree = "<group>"; };
		49BD89F8255D87B900DDF0A0 /* FeedItemsParser.swift */ = {isa = PBXFileReference; lastKnownFileType = sourcecode.swift; path = FeedItemsParser.swift; sourceTree = "<group>"; };
		49BD89FE255DB20D00DDF0A0 /* FeedTabView.swift */ = {isa = PBXFileReference; lastKnownFileType = sourcecode.swift; path = FeedTabView.swift; sourceTree = "<group>"; };
		49BD8A07255DB30B00DDF0A0 /* TravelFeedView.swift */ = {isa = PBXFileReference; lastKnownFileType = sourcecode.swift; path = TravelFeedView.swift; sourceTree = "<group>"; };
		49BD8A15255DBBA800DDF0A0 /* Date+Formatter.swift */ = {isa = PBXFileReference; lastKnownFileType = sourcecode.swift; path = "Date+Formatter.swift"; sourceTree = "<group>"; };
		49BD8A1A255DBE2500DDF0A0 /* SportAndEntertainmentFeedView.swift */ = {isa = PBXFileReference; lastKnownFileType = sourcecode.swift; path = SportAndEntertainmentFeedView.swift; sourceTree = "<group>"; };
		49BD8A27255DC18A00DDF0A0 /* ItemFeedView.swift */ = {isa = PBXFileReference; lastKnownFileType = sourcecode.swift; path = ItemFeedView.swift; sourceTree = "<group>"; };
		49BD8A2C255DC4EF00DDF0A0 /* EmptyFeedView.swift */ = {isa = PBXFileReference; lastKnownFileType = sourcecode.swift; path = EmptyFeedView.swift; sourceTree = "<group>"; };
		49BD8A35255DCB0D00DDF0A0 /* WebView.swift */ = {isa = PBXFileReference; lastKnownFileType = sourcecode.swift; path = WebView.swift; sourceTree = "<group>"; };
		49BD8A78255E9BFC00DDF0A0 /* Color+FeedItem.swift */ = {isa = PBXFileReference; lastKnownFileType = sourcecode.swift; path = "Color+FeedItem.swift"; sourceTree = "<group>"; };
		49CD2A5A256EA76E005D1CDA /* FeedItemsParserTests.swift */ = {isa = PBXFileReference; lastKnownFileType = sourcecode.swift; path = FeedItemsParserTests.swift; sourceTree = "<group>"; };
		49CD2A62256EA85B005D1CDA /* FakeNetworkData.swift */ = {isa = PBXFileReference; lastKnownFileType = sourcecode.swift; path = FakeNetworkData.swift; sourceTree = "<group>"; };
		49CD2A8A256EB5D1005D1CDA /* FeedUseCaseTests.swift */ = {isa = PBXFileReference; lastKnownFileType = sourcecode.swift; path = FeedUseCaseTests.swift; sourceTree = "<group>"; };
		49CD2A98256ED964005D1CDA /* MockDataRepository.swift */ = {isa = PBXFileReference; lastKnownFileType = sourcecode.swift; path = MockDataRepository.swift; sourceTree = "<group>"; };
		49CD2AB9256EDB38005D1CDA /* DataManagerTests.swift */ = {isa = PBXFileReference; lastKnownFileType = sourcecode.swift; path = DataManagerTests.swift; sourceTree = "<group>"; };
		49CD2AD0256EEB9A005D1CDA /* MockDIContainer.swift */ = {isa = PBXFileReference; lastKnownFileType = sourcecode.swift; path = MockDIContainer.swift; sourceTree = "<group>"; };
		49CD2ADA256EF918005D1CDA /* MockPersistence.swift */ = {isa = PBXFileReference; lastKnownFileType = sourcecode.swift; path = MockPersistence.swift; sourceTree = "<group>"; };
		49CD2AE3256F0102005D1CDA /* FeedItemTests+CoreData.swift */ = {isa = PBXFileReference; lastKnownFileType = sourcecode.swift; path = "FeedItemTests+CoreData.swift"; sourceTree = "<group>"; };
		49CD2AF2256F028D005D1CDA /* FakeFeedItems.swift */ = {isa = PBXFileReference; lastKnownFileType = sourcecode.swift; path = FakeFeedItems.swift; sourceTree = "<group>"; };
		49CD2BFC256FF0EC005D1CDA /* FeedViewModelTests.swift */ = {isa = PBXFileReference; lastKnownFileType = sourcecode.swift; path = FeedViewModelTests.swift; sourceTree = "<group>"; };
		49F3DBD9256E94B100AEDD8B /* DateTests+Formatter.swift */ = {isa = PBXFileReference; lastKnownFileType = sourcecode.swift; path = "DateTests+Formatter.swift"; sourceTree = "<group>"; };
		49F3DBE1256E94BF00AEDD8B /* ColorTests+FeedItem.swift */ = {isa = PBXFileReference; lastKnownFileType = sourcecode.swift; path = "ColorTests+FeedItem.swift"; sourceTree = "<group>"; };
		49F3DBE8256E99D800AEDD8B /* EndpointTests.swift */ = {isa = PBXFileReference; lastKnownFileType = sourcecode.swift; path = EndpointTests.swift; sourceTree = "<group>"; };
		928EF4322F5EAF9D1337C596 /* Pods-CNNFeedTests.debug.xcconfig */ = {isa = PBXFileReference; includeInIndex = 1; lastKnownFileType = text.xcconfig; name = "Pods-CNNFeedTests.debug.xcconfig"; path = "Target Support Files/Pods-CNNFeedTests/Pods-CNNFeedTests.debug.xcconfig"; sourceTree = "<group>"; };
		9C4BDFF8061B60A6997C3B24 /* Pods-CNNFeed.debug.xcconfig */ = {isa = PBXFileReference; includeInIndex = 1; lastKnownFileType = text.xcconfig; name = "Pods-CNNFeed.debug.xcconfig"; path = "Target Support Files/Pods-CNNFeed/Pods-CNNFeed.debug.xcconfig"; sourceTree = "<group>"; };
		DB8B34495DE40CB5CAADA4F9 /* Pods_CNNFeedTests.framework */ = {isa = PBXFileReference; explicitFileType = wrapper.framework; includeInIndex = 0; path = Pods_CNNFeedTests.framework; sourceTree = BUILT_PRODUCTS_DIR; };
		E6889ADE5557BE9E7B9EB031 /* Pods-CNNFeedTests.release.xcconfig */ = {isa = PBXFileReference; includeInIndex = 1; lastKnownFileType = text.xcconfig; name = "Pods-CNNFeedTests.release.xcconfig"; path = "Target Support Files/Pods-CNNFeedTests/Pods-CNNFeedTests.release.xcconfig"; sourceTree = "<group>"; };
		EAC25F52869A69A0033725E3 /* Pods_CNNFeed.framework */ = {isa = PBXFileReference; explicitFileType = wrapper.framework; includeInIndex = 0; path = Pods_CNNFeed.framework; sourceTree = BUILT_PRODUCTS_DIR; };
/* End PBXFileReference section */

/* Begin PBXFrameworksBuildPhase section */
		49BD895A255D665600DDF0A0 /* Frameworks */ = {
			isa = PBXFrameworksBuildPhase;
			buildActionMask = 2147483647;
			files = (
				2B5C3488156AA0F15A42B884 /* Pods_CNNFeed.framework in Frameworks */,
			);
			runOnlyForDeploymentPostprocessing = 0;
		};
		49BD8970255D665700DDF0A0 /* Frameworks */ = {
			isa = PBXFrameworksBuildPhase;
			buildActionMask = 2147483647;
			files = (
				4341DAA14627E1E6FF64CEA9 /* Pods_CNNFeedTests.framework in Frameworks */,
			);
			runOnlyForDeploymentPostprocessing = 0;
		};
		49BD897B255D665700DDF0A0 /* Frameworks */ = {
			isa = PBXFrameworksBuildPhase;
			buildActionMask = 2147483647;
			files = (
				2E039CA2F1571CE38227ACC6 /* Pods_CNNFeed_CNNFeedUITests.framework in Frameworks */,
			);
			runOnlyForDeploymentPostprocessing = 0;
		};
/* End PBXFrameworksBuildPhase section */

/* Begin PBXGroup section */
		49A54D6A255EC0D3000F450F /* Data Manager */ = {
			isa = PBXGroup;
			children = (
				49BD89CF255D6A2A00DDF0A0 /* DataManager.swift */,
				49BD89C7255D690700DDF0A0 /* DataRepository.swift */,
				49BD89C2255D68F000DDF0A0 /* DefaultDataRepository.swift */,
			);
			path = "Data Manager";
			sourceTree = "<group>";
		};
		49A54D6B255EC0E7000F450F /* Endpoint */ = {
			isa = PBXGroup;
			children = (
				49A54D6C255EC0F7000F450F /* Endpoint.swift */,
			);
			path = Endpoint;
			sourceTree = "<group>";
		};
		49BD8954255D665600DDF0A0 = {
			isa = PBXGroup;
			children = (
				49BD895F255D665600DDF0A0 /* CNNFeed */,
				49BD8976255D665700DDF0A0 /* CNNFeedTests */,
				49BD8981255D665700DDF0A0 /* CNNFeedUITests */,
				49BD895E255D665600DDF0A0 /* Products */,
				6A849464AB31CB7CCDDFAC51 /* Pods */,
				A64C303735F1BCA86DFFDED9 /* Frameworks */,
			);
			sourceTree = "<group>";
		};
		49BD895E255D665600DDF0A0 /* Products */ = {
			isa = PBXGroup;
			children = (
				49BD895D255D665600DDF0A0 /* CNNFeed.app */,
				49BD8973255D665700DDF0A0 /* CNNFeedTests.xctest */,
				49BD897E255D665700DDF0A0 /* CNNFeedUITests.xctest */,
			);
			name = Products;
			sourceTree = "<group>";
		};
		49BD895F255D665600DDF0A0 /* CNNFeed */ = {
			isa = PBXGroup;
			children = (
				49BD8993255D669600DDF0A0 /* Application */,
				49BD899D255D674200DDF0A0 /* Presenter Layer */,
				49BD899E255D675400DDF0A0 /* Domain Layer */,
				49BD899F255D675F00DDF0A0 /* Data Layer */,
				49BD8A0C255DB95B00DDF0A0 /* Helpers */,
				49BD89B5255D684D00DDF0A0 /* Resources */,
			);
			path = CNNFeed;
			sourceTree = "<group>";
		};
		49BD8966255D665700DDF0A0 /* Preview Content */ = {
			isa = PBXGroup;
			children = (
				49BD8967255D665700DDF0A0 /* Preview Assets.xcassets */,
			);
			path = "Preview Content";
			sourceTree = "<group>";
		};
		49BD8976255D665700DDF0A0 /* CNNFeedTests */ = {
			isa = PBXGroup;
			children = (
				49CD2BFA256FF0CE005D1CDA /* Presenter Layer Tests */,
				49CD2A89256EB5B2005D1CDA /* Domain Layer */,
				49F3DBE6256E99AD00AEDD8B /* Data Layer Tests */,
				49F3DBD8256E947E00AEDD8B /* Helpers Tests */,
				49BD8979255D665700DDF0A0 /* Info.plist */,
			);
			path = CNNFeedTests;
			sourceTree = "<group>";
		};
		49BD8981255D665700DDF0A0 /* CNNFeedUITests */ = {
			isa = PBXGroup;
			children = (
				49BD8982255D665700DDF0A0 /* CNNFeedUITests.swift */,
				49BD8984255D665700DDF0A0 /* Info.plist */,
			);
			path = CNNFeedUITests;
			sourceTree = "<group>";
		};
		49BD8993255D669600DDF0A0 /* Application */ = {
			isa = PBXGroup;
			children = (
				49BD8960255D665600DDF0A0 /* CNNFeedApp.swift */,
				49BD8994255D66A800DDF0A0 /* DIContainer */,
			);
			path = Application;
			sourceTree = "<group>";
		};
		49BD8994255D66A800DDF0A0 /* DIContainer */ = {
			isa = PBXGroup;
			children = (
				49BD8995255D66B800DDF0A0 /* DIContainer.swift */,
			);
			path = DIContainer;
			sourceTree = "<group>";
		};
		49BD899D255D674200DDF0A0 /* Presenter Layer */ = {
			isa = PBXGroup;
			children = (
				49BD89A0255D676B00DDF0A0 /* Screens */,
				49BD89AA255D67DE00DDF0A0 /* ViewModels */,
			);
			path = "Presenter Layer";
			sourceTree = "<group>";
		};
		49BD899E255D675400DDF0A0 /* Domain Layer */ = {
			isa = PBXGroup;
			children = (
				49BD89D4255D6C3800DDF0A0 /* FeedUseCase.swift */,
				49A54D61255EC011000F450F /* CNNChannelModel.swift */,
			);
			path = "Domain Layer";
			sourceTree = "<group>";
		};
		49BD899F255D675F00DDF0A0 /* Data Layer */ = {
			isa = PBXGroup;
			children = (
				49A54D6B255EC0E7000F450F /* Endpoint */,
				49A54D6A255EC0D3000F450F /* Data Manager */,
				49BD89F7255D878F00DDF0A0 /* Parser */,
				49BD89E3255D7D6600DDF0A0 /* CoreData Storage */,
			);
			path = "Data Layer";
			sourceTree = "<group>";
		};
		49BD89A0255D676B00DDF0A0 /* Screens */ = {
			isa = PBXGroup;
			children = (
				49BD89A1255D677300DDF0A0 /* Welcome Screen */,
				49BD89FD255DB1E900DDF0A0 /* Feed Screen */,
				49BD8A31255DC57500DDF0A0 /* Web View */,
			);
			path = Screens;
			sourceTree = "<group>";
		};
		49BD89A1255D677300DDF0A0 /* Welcome Screen */ = {
			isa = PBXGroup;
			children = (
				49BD89A2255D678600DDF0A0 /* WelcomeView.swift */,
			);
			path = "Welcome Screen";
			sourceTree = "<group>";
		};
		49BD89AA255D67DE00DDF0A0 /* ViewModels */ = {
			isa = PBXGroup;
			children = (
				49BD89AD255D680B00DDF0A0 /* FeedViewModel.swift */,
			);
			path = ViewModels;
			sourceTree = "<group>";
		};
		49BD89B5255D684D00DDF0A0 /* Resources */ = {
			isa = PBXGroup;
			children = (
				49BD8964255D665700DDF0A0 /* Assets.xcassets */,
				49BD896E255D665700DDF0A0 /* Info.plist */,
				49BD8966255D665700DDF0A0 /* Preview Content */,
			);
			path = Resources;
			sourceTree = "<group>";
		};
		49BD89E3255D7D6600DDF0A0 /* CoreData Storage */ = {
			isa = PBXGroup;
			children = (
				49BD89E4255D7D7900DDF0A0 /* Models */,
				49BD8969255D665700DDF0A0 /* Persistence.swift */,
				49BD896B255D665700DDF0A0 /* CNNFeed.xcdatamodeld */,
			);
			path = "CoreData Storage";
			sourceTree = "<group>";
		};
		49BD89E4255D7D7900DDF0A0 /* Models */ = {
			isa = PBXGroup;
			children = (
				49BD89EF255D7DBD00DDF0A0 /* FeedItem+CoreData.swift */,
			);
			path = Models;
			sourceTree = "<group>";
		};
		49BD89F7255D878F00DDF0A0 /* Parser */ = {
			isa = PBXGroup;
			children = (
				49BD89F8255D87B900DDF0A0 /* FeedItemsParser.swift */,
			);
			path = Parser;
			sourceTree = "<group>";
		};
		49BD89FD255DB1E900DDF0A0 /* Feed Screen */ = {
			isa = PBXGroup;
			children = (
				49BD89FE255DB20D00DDF0A0 /* FeedTabView.swift */,
				49BD8A07255DB30B00DDF0A0 /* TravelFeedView.swift */,
				49BD8A1A255DBE2500DDF0A0 /* SportAndEntertainmentFeedView.swift */,
				49BD8A27255DC18A00DDF0A0 /* ItemFeedView.swift */,
				49BD8A2C255DC4EF00DDF0A0 /* EmptyFeedView.swift */,
			);
			path = "Feed Screen";
			sourceTree = "<group>";
		};
		49BD8A0C255DB95B00DDF0A0 /* Helpers */ = {
			isa = PBXGroup;
			children = (
				49BD8A15255DBBA800DDF0A0 /* Date+Formatter.swift */,
				49BD8A78255E9BFC00DDF0A0 /* Color+FeedItem.swift */,
			);
			path = Helpers;
			sourceTree = "<group>";
		};
		49BD8A31255DC57500DDF0A0 /* Web View */ = {
			isa = PBXGroup;
			children = (
				49BD8A35255DCB0D00DDF0A0 /* WebView.swift */,
			);
			path = "Web View";
			sourceTree = "<group>";
		};
		49CD2A59256EA75A005D1CDA /* Parser Tests */ = {
			isa = PBXGroup;
			children = (
				49CD2A5A256EA76E005D1CDA /* FeedItemsParserTests.swift */,
			);
			path = "Parser Tests";
			sourceTree = "<group>";
		};
		49CD2A89256EB5B2005D1CDA /* Domain Layer */ = {
			isa = PBXGroup;
			children = (
				49CD2A8A256EB5D1005D1CDA /* FeedUseCaseTests.swift */,
				49CD2AD0256EEB9A005D1CDA /* MockDIContainer.swift */,
			);
			path = "Domain Layer";
			sourceTree = "<group>";
		};
		49CD2A97256ED948005D1CDA /* Data Manager Tests */ = {
			isa = PBXGroup;
			children = (
				49CD2AB9256EDB38005D1CDA /* DataManagerTests.swift */,
				49CD2A98256ED964005D1CDA /* MockDataRepository.swift */,
			);
			path = "Data Manager Tests";
			sourceTree = "<group>";
		};
		49CD2AD9256EF8F8005D1CDA /* CoreData Storage Tests */ = {
			isa = PBXGroup;
			children = (
				49CD2AE2256F00F4005D1CDA /* Models */,
				49CD2ADA256EF918005D1CDA /* MockPersistence.swift */,
			);
			path = "CoreData Storage Tests";
			sourceTree = "<group>";
		};
		49CD2AE2256F00F4005D1CDA /* Models */ = {
			isa = PBXGroup;
			children = (
				49CD2AE3256F0102005D1CDA /* FeedItemTests+CoreData.swift */,
				49CD2AF2256F028D005D1CDA /* FakeFeedItems.swift */,
			);
			path = Models;
			sourceTree = "<group>";
		};
		49CD2BFA256FF0CE005D1CDA /* Presenter Layer Tests */ = {
			isa = PBXGroup;
			children = (
				49CD2BFB256FF0DB005D1CDA /* ViewModels */,
			);
			path = "Presenter Layer Tests";
			sourceTree = "<group>";
		};
		49CD2BFB256FF0DB005D1CDA /* ViewModels */ = {
			isa = PBXGroup;
			children = (
				49CD2BFC256FF0EC005D1CDA /* FeedViewModelTests.swift */,
			);
			path = ViewModels;
			sourceTree = "<group>";
		};
		49F3DBD8256E947E00AEDD8B /* Helpers Tests */ = {
			isa = PBXGroup;
			children = (
				49F3DBD9256E94B100AEDD8B /* DateTests+Formatter.swift */,
				49F3DBE1256E94BF00AEDD8B /* ColorTests+FeedItem.swift */,
			);
			path = "Helpers Tests";
			sourceTree = "<group>";
		};
		49F3DBE6256E99AD00AEDD8B /* Data Layer Tests */ = {
			isa = PBXGroup;
			children = (
				49F3DBE7256E99C100AEDD8B /* Endpoint Tests */,
				49CD2A97256ED948005D1CDA /* Data Manager Tests */,
				49CD2A59256EA75A005D1CDA /* Parser Tests */,
				49CD2AD9256EF8F8005D1CDA /* CoreData Storage Tests */,
				49CD2A62256EA85B005D1CDA /* FakeNetworkData.swift */,
			);
			path = "Data Layer Tests";
			sourceTree = "<group>";
		};
		49F3DBE7256E99C100AEDD8B /* Endpoint Tests */ = {
			isa = PBXGroup;
			children = (
				49F3DBE8256E99D800AEDD8B /* EndpointTests.swift */,
			);
			path = "Endpoint Tests";
			sourceTree = "<group>";
		};
		6A849464AB31CB7CCDDFAC51 /* Pods */ = {
			isa = PBXGroup;
			children = (
				9C4BDFF8061B60A6997C3B24 /* Pods-CNNFeed.debug.xcconfig */,
				0013F719844B657A5EB7FCB7 /* Pods-CNNFeed.release.xcconfig */,
				0C33AEC20C24FB03F746703B /* Pods-CNNFeed-CNNFeedUITests.debug.xcconfig */,
				3365E07B6E32F942B6881AA3 /* Pods-CNNFeed-CNNFeedUITests.release.xcconfig */,
				928EF4322F5EAF9D1337C596 /* Pods-CNNFeedTests.debug.xcconfig */,
				E6889ADE5557BE9E7B9EB031 /* Pods-CNNFeedTests.release.xcconfig */,
			);
			path = Pods;
			sourceTree = "<group>";
		};
		A64C303735F1BCA86DFFDED9 /* Frameworks */ = {
			isa = PBXGroup;
			children = (
				EAC25F52869A69A0033725E3 /* Pods_CNNFeed.framework */,
				2541FA8F5433DD390255503F /* Pods_CNNFeed_CNNFeedUITests.framework */,
				DB8B34495DE40CB5CAADA4F9 /* Pods_CNNFeedTests.framework */,
			);
			name = Frameworks;
			sourceTree = "<group>";
		};
/* End PBXGroup section */

/* Begin PBXNativeTarget section */
		49BD895C255D665600DDF0A0 /* CNNFeed */ = {
			isa = PBXNativeTarget;
			buildConfigurationList = 49BD8987255D665700DDF0A0 /* Build configuration list for PBXNativeTarget "CNNFeed" */;
			buildPhases = (
				0AAD1D675346D00AEE75564A /* [CP] Check Pods Manifest.lock */,
				49BD8959255D665600DDF0A0 /* Sources */,
				49BD895A255D665600DDF0A0 /* Frameworks */,
				49BD895B255D665600DDF0A0 /* Resources */,
				D3EAB2D7648E56C0E11CE3D5 /* [CP] Embed Pods Frameworks */,
			);
			buildRules = (
			);
			dependencies = (
			);
			name = CNNFeed;
			productName = CNNFeed;
			productReference = 49BD895D255D665600DDF0A0 /* CNNFeed.app */;
			productType = "com.apple.product-type.application";
		};
		49BD8972255D665700DDF0A0 /* CNNFeedTests */ = {
			isa = PBXNativeTarget;
			buildConfigurationList = 49BD898A255D665700DDF0A0 /* Build configuration list for PBXNativeTarget "CNNFeedTests" */;
			buildPhases = (
				33B1973DD8C35248C6B17C67 /* [CP] Check Pods Manifest.lock */,
				49BD896F255D665700DDF0A0 /* Sources */,
				49BD8970255D665700DDF0A0 /* Frameworks */,
				49BD8971255D665700DDF0A0 /* Resources */,
			);
			buildRules = (
			);
			dependencies = (
				49BD8975255D665700DDF0A0 /* PBXTargetDependency */,
			);
			name = CNNFeedTests;
			productName = CNNFeedTests;
			productReference = 49BD8973255D665700DDF0A0 /* CNNFeedTests.xctest */;
			productType = "com.apple.product-type.bundle.unit-test";
		};
		49BD897D255D665700DDF0A0 /* CNNFeedUITests */ = {
			isa = PBXNativeTarget;
			buildConfigurationList = 49BD898D255D665700DDF0A0 /* Build configuration list for PBXNativeTarget "CNNFeedUITests" */;
			buildPhases = (
				1022AD645B305E42C731C8E0 /* [CP] Check Pods Manifest.lock */,
				49BD897A255D665700DDF0A0 /* Sources */,
				49BD897B255D665700DDF0A0 /* Frameworks */,
				49BD897C255D665700DDF0A0 /* Resources */,
				A493FEC3DF53D673C45F134E /* [CP] Embed Pods Frameworks */,
			);
			buildRules = (
			);
			dependencies = (
				49BD8980255D665700DDF0A0 /* PBXTargetDependency */,
			);
			name = CNNFeedUITests;
			productName = CNNFeedUITests;
			productReference = 49BD897E255D665700DDF0A0 /* CNNFeedUITests.xctest */;
			productType = "com.apple.product-type.bundle.ui-testing";
		};
/* End PBXNativeTarget section */

/* Begin PBXProject section */
		49BD8955255D665600DDF0A0 /* Project object */ = {
			isa = PBXProject;
			attributes = {
				LastSwiftUpdateCheck = 1210;
				LastUpgradeCheck = 1210;
				TargetAttributes = {
					49BD895C255D665600DDF0A0 = {
						CreatedOnToolsVersion = 12.1;
					};
					49BD8972255D665700DDF0A0 = {
						CreatedOnToolsVersion = 12.1;
						TestTargetID = 49BD895C255D665600DDF0A0;
					};
					49BD897D255D665700DDF0A0 = {
						CreatedOnToolsVersion = 12.1;
						TestTargetID = 49BD895C255D665600DDF0A0;
					};
				};
			};
			buildConfigurationList = 49BD8958255D665600DDF0A0 /* Build configuration list for PBXProject "CNNFeed" */;
			compatibilityVersion = "Xcode 9.3";
			developmentRegion = en;
			hasScannedForEncodings = 0;
			knownRegions = (
				en,
				Base,
			);
			mainGroup = 49BD8954255D665600DDF0A0;
			productRefGroup = 49BD895E255D665600DDF0A0 /* Products */;
			projectDirPath = "";
			projectRoot = "";
			targets = (
				49BD895C255D665600DDF0A0 /* CNNFeed */,
				49BD8972255D665700DDF0A0 /* CNNFeedTests */,
				49BD897D255D665700DDF0A0 /* CNNFeedUITests */,
			);
		};
/* End PBXProject section */

/* Begin PBXResourcesBuildPhase section */
		49BD895B255D665600DDF0A0 /* Resources */ = {
			isa = PBXResourcesBuildPhase;
			buildActionMask = 2147483647;
			files = (
				49BD8968255D665700DDF0A0 /* Preview Assets.xcassets in Resources */,
				49BD8965255D665700DDF0A0 /* Assets.xcassets in Resources */,
			);
			runOnlyForDeploymentPostprocessing = 0;
		};
		49BD8971255D665700DDF0A0 /* Resources */ = {
			isa = PBXResourcesBuildPhase;
			buildActionMask = 2147483647;
			files = (
			);
			runOnlyForDeploymentPostprocessing = 0;
		};
		49BD897C255D665700DDF0A0 /* Resources */ = {
			isa = PBXResourcesBuildPhase;
			buildActionMask = 2147483647;
			files = (
			);
			runOnlyForDeploymentPostprocessing = 0;
		};
/* End PBXResourcesBuildPhase section */

/* Begin PBXShellScriptBuildPhase section */
		0AAD1D675346D00AEE75564A /* [CP] Check Pods Manifest.lock */ = {
			isa = PBXShellScriptBuildPhase;
			buildActionMask = 2147483647;
			files = (
			);
			inputFileListPaths = (
			);
			inputPaths = (
				"${PODS_PODFILE_DIR_PATH}/Podfile.lock",
				"${PODS_ROOT}/Manifest.lock",
			);
			name = "[CP] Check Pods Manifest.lock";
			outputFileListPaths = (
			);
			outputPaths = (
				"$(DERIVED_FILE_DIR)/Pods-CNNFeed-checkManifestLockResult.txt",
			);
			runOnlyForDeploymentPostprocessing = 0;
			shellPath = /bin/sh;
			shellScript = "diff \"${PODS_PODFILE_DIR_PATH}/Podfile.lock\" \"${PODS_ROOT}/Manifest.lock\" > /dev/null\nif [ $? != 0 ] ; then\n    # print error to STDERR\n    echo \"error: The sandbox is not in sync with the Podfile.lock. Run 'pod install' or update your CocoaPods installation.\" >&2\n    exit 1\nfi\n# This output is used by Xcode 'outputs' to avoid re-running this script phase.\necho \"SUCCESS\" > \"${SCRIPT_OUTPUT_FILE_0}\"\n";
			showEnvVarsInLog = 0;
		};
		1022AD645B305E42C731C8E0 /* [CP] Check Pods Manifest.lock */ = {
			isa = PBXShellScriptBuildPhase;
			buildActionMask = 2147483647;
			files = (
			);
			inputFileListPaths = (
			);
			inputPaths = (
				"${PODS_PODFILE_DIR_PATH}/Podfile.lock",
				"${PODS_ROOT}/Manifest.lock",
			);
			name = "[CP] Check Pods Manifest.lock";
			outputFileListPaths = (
			);
			outputPaths = (
				"$(DERIVED_FILE_DIR)/Pods-CNNFeed-CNNFeedUITests-checkManifestLockResult.txt",
			);
			runOnlyForDeploymentPostprocessing = 0;
			shellPath = /bin/sh;
			shellScript = "diff \"${PODS_PODFILE_DIR_PATH}/Podfile.lock\" \"${PODS_ROOT}/Manifest.lock\" > /dev/null\nif [ $? != 0 ] ; then\n    # print error to STDERR\n    echo \"error: The sandbox is not in sync with the Podfile.lock. Run 'pod install' or update your CocoaPods installation.\" >&2\n    exit 1\nfi\n# This output is used by Xcode 'outputs' to avoid re-running this script phase.\necho \"SUCCESS\" > \"${SCRIPT_OUTPUT_FILE_0}\"\n";
			showEnvVarsInLog = 0;
		};
		33B1973DD8C35248C6B17C67 /* [CP] Check Pods Manifest.lock */ = {
			isa = PBXShellScriptBuildPhase;
			buildActionMask = 2147483647;
			files = (
			);
			inputFileListPaths = (
			);
			inputPaths = (
				"${PODS_PODFILE_DIR_PATH}/Podfile.lock",
				"${PODS_ROOT}/Manifest.lock",
			);
			name = "[CP] Check Pods Manifest.lock";
			outputFileListPaths = (
			);
			outputPaths = (
				"$(DERIVED_FILE_DIR)/Pods-CNNFeedTests-checkManifestLockResult.txt",
			);
			runOnlyForDeploymentPostprocessing = 0;
			shellPath = /bin/sh;
			shellScript = "diff \"${PODS_PODFILE_DIR_PATH}/Podfile.lock\" \"${PODS_ROOT}/Manifest.lock\" > /dev/null\nif [ $? != 0 ] ; then\n    # print error to STDERR\n    echo \"error: The sandbox is not in sync with the Podfile.lock. Run 'pod install' or update your CocoaPods installation.\" >&2\n    exit 1\nfi\n# This output is used by Xcode 'outputs' to avoid re-running this script phase.\necho \"SUCCESS\" > \"${SCRIPT_OUTPUT_FILE_0}\"\n";
			showEnvVarsInLog = 0;
		};
		A493FEC3DF53D673C45F134E /* [CP] Embed Pods Frameworks */ = {
			isa = PBXShellScriptBuildPhase;
			buildActionMask = 2147483647;
			files = (
			);
			inputFileListPaths = (
				"${PODS_ROOT}/Target Support Files/Pods-CNNFeed-CNNFeedUITests/Pods-CNNFeed-CNNFeedUITests-frameworks-${CONFIGURATION}-input-files.xcfilelist",
			);
			name = "[CP] Embed Pods Frameworks";
			outputFileListPaths = (
				"${PODS_ROOT}/Target Support Files/Pods-CNNFeed-CNNFeedUITests/Pods-CNNFeed-CNNFeedUITests-frameworks-${CONFIGURATION}-output-files.xcfilelist",
			);
			runOnlyForDeploymentPostprocessing = 0;
			shellPath = /bin/sh;
			shellScript = "\"${PODS_ROOT}/Target Support Files/Pods-CNNFeed-CNNFeedUITests/Pods-CNNFeed-CNNFeedUITests-frameworks.sh\"\n";
			showEnvVarsInLog = 0;
		};
		D3EAB2D7648E56C0E11CE3D5 /* [CP] Embed Pods Frameworks */ = {
			isa = PBXShellScriptBuildPhase;
			buildActionMask = 2147483647;
			files = (
			);
			inputFileListPaths = (
				"${PODS_ROOT}/Target Support Files/Pods-CNNFeed/Pods-CNNFeed-frameworks-${CONFIGURATION}-input-files.xcfilelist",
			);
			name = "[CP] Embed Pods Frameworks";
			outputFileListPaths = (
				"${PODS_ROOT}/Target Support Files/Pods-CNNFeed/Pods-CNNFeed-frameworks-${CONFIGURATION}-output-files.xcfilelist",
			);
			runOnlyForDeploymentPostprocessing = 0;
			shellPath = /bin/sh;
			shellScript = "\"${PODS_ROOT}/Target Support Files/Pods-CNNFeed/Pods-CNNFeed-frameworks.sh\"\n";
			showEnvVarsInLog = 0;
		};
/* End PBXShellScriptBuildPhase section */

/* Begin PBXSourcesBuildPhase section */
		49BD8959255D665600DDF0A0 /* Sources */ = {
			isa = PBXSourcesBuildPhase;
			buildActionMask = 2147483647;
			files = (
				49BD896A255D665700DDF0A0 /* Persistence.swift in Sources */,
				49BD8A1B255DBE2500DDF0A0 /* SportAndEntertainmentFeedView.swift in Sources */,
				49BD89D0255D6A2A00DDF0A0 /* DataManager.swift in Sources */,
				49BD89A3255D678600DDF0A0 /* WelcomeView.swift in Sources */,
				49BD8A79255E9BFC00DDF0A0 /* Color+FeedItem.swift in Sources */,
				49BD89F9255D87B900DDF0A0 /* FeedItemsParser.swift in Sources */,
				49BD8A08255DB30B00DDF0A0 /* TravelFeedView.swift in Sources */,
				49BD89AE255D680B00DDF0A0 /* FeedViewModel.swift in Sources */,
				49BD89FF255DB20D00DDF0A0 /* FeedTabView.swift in Sources */,
				49BD8A2D255DC4EF00DDF0A0 /* EmptyFeedView.swift in Sources */,
				49A54D62255EC011000F450F /* CNNChannelModel.swift in Sources */,
				49CD2BCC256FD9C0005D1CDA /* FeedItem+CoreData.swift in Sources */,
				49BD8996255D66B800DDF0A0 /* DIContainer.swift in Sources */,
				49A54D6D255EC0F7000F450F /* Endpoint.swift in Sources */,
				49BD89C3255D68F000DDF0A0 /* DefaultDataRepository.swift in Sources */,
				49CD2B73256F11BE005D1CDA /* CNNFeed.xcdatamodeld in Sources */,
				49BD89D5255D6C3800DDF0A0 /* FeedUseCase.swift in Sources */,
				49BD8A16255DBBA800DDF0A0 /* Date+Formatter.swift in Sources */,
				49BD89C8255D690700DDF0A0 /* DataRepository.swift in Sources */,
				49BD8961255D665600DDF0A0 /* CNNFeedApp.swift in Sources */,
				49BD8A28255DC18A00DDF0A0 /* ItemFeedView.swift in Sources */,
				49BD8A36255DCB0D00DDF0A0 /* WebView.swift in Sources */,
			);
			runOnlyForDeploymentPostprocessing = 0;
		};
		49BD896F255D665700DDF0A0 /* Sources */ = {
			isa = PBXSourcesBuildPhase;
			buildActionMask = 2147483647;
			files = (
				49F3DBE2256E94BF00AEDD8B /* ColorTests+FeedItem.swift in Sources */,
				49F3DBDA256E94B100AEDD8B /* DateTests+Formatter.swift in Sources */,
				49CD2BFD256FF0EC005D1CDA /* FeedViewModelTests.swift in Sources */,
				49CD2AD1256EEB9A005D1CDA /* MockDIContainer.swift in Sources */,
				49CD2A5B256EA76E005D1CDA /* FeedItemsParserTests.swift in Sources */,
				49CD2A8B256EB5D1005D1CDA /* FeedUseCaseTests.swift in Sources */,
				49F3DBE9256E99D800AEDD8B /* EndpointTests.swift in Sources */,
				49CD2AF3256F028D005D1CDA /* FakeFeedItems.swift in Sources */,
				49CD2ADB256EF918005D1CDA /* MockPersistence.swift in Sources */,
				49CD2A71256EAB23005D1CDA /* FakeNetworkData.swift in Sources */,
				49CD2ABA256EDB38005D1CDA /* DataManagerTests.swift in Sources */,
				49CD2AAE256EDAD1005D1CDA /* MockDataRepository.swift in Sources */,
				49CD2AE4256F0102005D1CDA /* FeedItemTests+CoreData.swift in Sources */,
			);
			runOnlyForDeploymentPostprocessing = 0;
		};
		49BD897A255D665700DDF0A0 /* Sources */ = {
			isa = PBXSourcesBuildPhase;
			buildActionMask = 2147483647;
			files = (
				49BD8983255D665700DDF0A0 /* CNNFeedUITests.swift in Sources */,
			);
			runOnlyForDeploymentPostprocessing = 0;
		};
/* End PBXSourcesBuildPhase section */

/* Begin PBXTargetDependency section */
		49BD8975255D665700DDF0A0 /* PBXTargetDependency */ = {
			isa = PBXTargetDependency;
			target = 49BD895C255D665600DDF0A0 /* CNNFeed */;
			targetProxy = 49BD8974255D665700DDF0A0 /* PBXContainerItemProxy */;
		};
		49BD8980255D665700DDF0A0 /* PBXTargetDependency */ = {
			isa = PBXTargetDependency;
			target = 49BD895C255D665600DDF0A0 /* CNNFeed */;
			targetProxy = 49BD897F255D665700DDF0A0 /* PBXContainerItemProxy */;
		};
/* End PBXTargetDependency section */

/* Begin XCBuildConfiguration section */
		49BD8985255D665700DDF0A0 /* Debug */ = {
			isa = XCBuildConfiguration;
			buildSettings = {
				ALWAYS_SEARCH_USER_PATHS = NO;
				CLANG_ANALYZER_NONNULL = YES;
				CLANG_ANALYZER_NUMBER_OBJECT_CONVERSION = YES_AGGRESSIVE;
				CLANG_CXX_LANGUAGE_STANDARD = "gnu++14";
				CLANG_CXX_LIBRARY = "libc++";
				CLANG_ENABLE_MODULES = YES;
				CLANG_ENABLE_OBJC_ARC = YES;
				CLANG_ENABLE_OBJC_WEAK = YES;
				CLANG_WARN_BLOCK_CAPTURE_AUTORELEASING = YES;
				CLANG_WARN_BOOL_CONVERSION = YES;
				CLANG_WARN_COMMA = YES;
				CLANG_WARN_CONSTANT_CONVERSION = YES;
				CLANG_WARN_DEPRECATED_OBJC_IMPLEMENTATIONS = YES;
				CLANG_WARN_DIRECT_OBJC_ISA_USAGE = YES_ERROR;
				CLANG_WARN_DOCUMENTATION_COMMENTS = YES;
				CLANG_WARN_EMPTY_BODY = YES;
				CLANG_WARN_ENUM_CONVERSION = YES;
				CLANG_WARN_INFINITE_RECURSION = YES;
				CLANG_WARN_INT_CONVERSION = YES;
				CLANG_WARN_NON_LITERAL_NULL_CONVERSION = YES;
				CLANG_WARN_OBJC_IMPLICIT_RETAIN_SELF = YES;
				CLANG_WARN_OBJC_LITERAL_CONVERSION = YES;
				CLANG_WARN_OBJC_ROOT_CLASS = YES_ERROR;
				CLANG_WARN_QUOTED_INCLUDE_IN_FRAMEWORK_HEADER = YES;
				CLANG_WARN_RANGE_LOOP_ANALYSIS = YES;
				CLANG_WARN_STRICT_PROTOTYPES = YES;
				CLANG_WARN_SUSPICIOUS_MOVE = YES;
				CLANG_WARN_UNGUARDED_AVAILABILITY = YES_AGGRESSIVE;
				CLANG_WARN_UNREACHABLE_CODE = YES;
				CLANG_WARN__DUPLICATE_METHOD_MATCH = YES;
				COPY_PHASE_STRIP = NO;
				DEBUG_INFORMATION_FORMAT = dwarf;
				ENABLE_STRICT_OBJC_MSGSEND = YES;
				ENABLE_TESTABILITY = YES;
				GCC_C_LANGUAGE_STANDARD = gnu11;
				GCC_DYNAMIC_NO_PIC = NO;
				GCC_NO_COMMON_BLOCKS = YES;
				GCC_OPTIMIZATION_LEVEL = 0;
				GCC_PREPROCESSOR_DEFINITIONS = (
					"DEBUG=1",
					"$(inherited)",
				);
				GCC_WARN_64_TO_32_BIT_CONVERSION = YES;
				GCC_WARN_ABOUT_RETURN_TYPE = YES_ERROR;
				GCC_WARN_UNDECLARED_SELECTOR = YES;
				GCC_WARN_UNINITIALIZED_AUTOS = YES_AGGRESSIVE;
				GCC_WARN_UNUSED_FUNCTION = YES;
				GCC_WARN_UNUSED_VARIABLE = YES;
				IPHONEOS_DEPLOYMENT_TARGET = 14.1;
				MTL_ENABLE_DEBUG_INFO = INCLUDE_SOURCE;
				MTL_FAST_MATH = YES;
				ONLY_ACTIVE_ARCH = YES;
				SDKROOT = iphoneos;
				SWIFT_ACTIVE_COMPILATION_CONDITIONS = DEBUG;
				SWIFT_OPTIMIZATION_LEVEL = "-Onone";
			};
			name = Debug;
		};
		49BD8986255D665700DDF0A0 /* Release */ = {
			isa = XCBuildConfiguration;
			buildSettings = {
				ALWAYS_SEARCH_USER_PATHS = NO;
				CLANG_ANALYZER_NONNULL = YES;
				CLANG_ANALYZER_NUMBER_OBJECT_CONVERSION = YES_AGGRESSIVE;
				CLANG_CXX_LANGUAGE_STANDARD = "gnu++14";
				CLANG_CXX_LIBRARY = "libc++";
				CLANG_ENABLE_MODULES = YES;
				CLANG_ENABLE_OBJC_ARC = YES;
				CLANG_ENABLE_OBJC_WEAK = YES;
				CLANG_WARN_BLOCK_CAPTURE_AUTORELEASING = YES;
				CLANG_WARN_BOOL_CONVERSION = YES;
				CLANG_WARN_COMMA = YES;
				CLANG_WARN_CONSTANT_CONVERSION = YES;
				CLANG_WARN_DEPRECATED_OBJC_IMPLEMENTATIONS = YES;
				CLANG_WARN_DIRECT_OBJC_ISA_USAGE = YES_ERROR;
				CLANG_WARN_DOCUMENTATION_COMMENTS = YES;
				CLANG_WARN_EMPTY_BODY = YES;
				CLANG_WARN_ENUM_CONVERSION = YES;
				CLANG_WARN_INFINITE_RECURSION = YES;
				CLANG_WARN_INT_CONVERSION = YES;
				CLANG_WARN_NON_LITERAL_NULL_CONVERSION = YES;
				CLANG_WARN_OBJC_IMPLICIT_RETAIN_SELF = YES;
				CLANG_WARN_OBJC_LITERAL_CONVERSION = YES;
				CLANG_WARN_OBJC_ROOT_CLASS = YES_ERROR;
				CLANG_WARN_QUOTED_INCLUDE_IN_FRAMEWORK_HEADER = YES;
				CLANG_WARN_RANGE_LOOP_ANALYSIS = YES;
				CLANG_WARN_STRICT_PROTOTYPES = YES;
				CLANG_WARN_SUSPICIOUS_MOVE = YES;
				CLANG_WARN_UNGUARDED_AVAILABILITY = YES_AGGRESSIVE;
				CLANG_WARN_UNREACHABLE_CODE = YES;
				CLANG_WARN__DUPLICATE_METHOD_MATCH = YES;
				COPY_PHASE_STRIP = NO;
				DEBUG_INFORMATION_FORMAT = "dwarf-with-dsym";
				ENABLE_NS_ASSERTIONS = NO;
				ENABLE_STRICT_OBJC_MSGSEND = YES;
				GCC_C_LANGUAGE_STANDARD = gnu11;
				GCC_NO_COMMON_BLOCKS = YES;
				GCC_WARN_64_TO_32_BIT_CONVERSION = YES;
				GCC_WARN_ABOUT_RETURN_TYPE = YES_ERROR;
				GCC_WARN_UNDECLARED_SELECTOR = YES;
				GCC_WARN_UNINITIALIZED_AUTOS = YES_AGGRESSIVE;
				GCC_WARN_UNUSED_FUNCTION = YES;
				GCC_WARN_UNUSED_VARIABLE = YES;
				IPHONEOS_DEPLOYMENT_TARGET = 14.1;
				MTL_ENABLE_DEBUG_INFO = NO;
				MTL_FAST_MATH = YES;
				SDKROOT = iphoneos;
				SWIFT_COMPILATION_MODE = wholemodule;
				SWIFT_OPTIMIZATION_LEVEL = "-O";
				VALIDATE_PRODUCT = YES;
			};
			name = Release;
		};
		49BD8988255D665700DDF0A0 /* Debug */ = {
			isa = XCBuildConfiguration;
			baseConfigurationReference = 9C4BDFF8061B60A6997C3B24 /* Pods-CNNFeed.debug.xcconfig */;
			buildSettings = {
				ASSETCATALOG_COMPILER_APPICON_NAME = AppIcon;
				ASSETCATALOG_COMPILER_GLOBAL_ACCENT_COLOR_NAME = AccentColor;
				CODE_SIGN_STYLE = Automatic;
				DEVELOPMENT_ASSET_PATHS = "\"CNNFeed/Resources/Preview Content\"";
				DEVELOPMENT_TEAM = 436RW8NBRZ;
				ENABLE_PREVIEWS = YES;
				INFOPLIST_FILE = CNNFeed/Resources/Info.plist;
				IPHONEOS_DEPLOYMENT_TARGET = 14.0;
				LD_RUNPATH_SEARCH_PATHS = (
					"$(inherited)",
					"@executable_path/Frameworks",
				);
				PRODUCT_BUNDLE_IDENTIFIER = com.lior.CNNFeed;
				PRODUCT_NAME = "$(TARGET_NAME)";
				SWIFT_VERSION = 5.0;
				TARGETED_DEVICE_FAMILY = "1,2";
			};
			name = Debug;
		};
		49BD8989255D665700DDF0A0 /* Release */ = {
			isa = XCBuildConfiguration;
			baseConfigurationReference = 0013F719844B657A5EB7FCB7 /* Pods-CNNFeed.release.xcconfig */;
			buildSettings = {
				ASSETCATALOG_COMPILER_APPICON_NAME = AppIcon;
				ASSETCATALOG_COMPILER_GLOBAL_ACCENT_COLOR_NAME = AccentColor;
				CODE_SIGN_STYLE = Automatic;
				DEVELOPMENT_ASSET_PATHS = "\"CNNFeed/Resources/Preview Content\"";
				DEVELOPMENT_TEAM = 436RW8NBRZ;
				ENABLE_PREVIEWS = YES;
				INFOPLIST_FILE = CNNFeed/Resources/Info.plist;
				IPHONEOS_DEPLOYMENT_TARGET = 14.0;
				LD_RUNPATH_SEARCH_PATHS = (
					"$(inherited)",
					"@executable_path/Frameworks",
				);
				PRODUCT_BUNDLE_IDENTIFIER = com.lior.CNNFeed;
				PRODUCT_NAME = "$(TARGET_NAME)";
				SWIFT_VERSION = 5.0;
				TARGETED_DEVICE_FAMILY = "1,2";
			};
			name = Release;
		};
		49BD898B255D665700DDF0A0 /* Debug */ = {
			isa = XCBuildConfiguration;
			baseConfigurationReference = 928EF4322F5EAF9D1337C596 /* Pods-CNNFeedTests.debug.xcconfig */;
			buildSettings = {
				ALWAYS_EMBED_SWIFT_STANDARD_LIBRARIES = YES;
				BUNDLE_LOADER = "$(TEST_HOST)";
				CODE_SIGN_STYLE = Automatic;
				DEVELOPMENT_TEAM = 436RW8NBRZ;
				INFOPLIST_FILE = CNNFeedTests/Info.plist;
				IPHONEOS_DEPLOYMENT_TARGET = 14.0;
				LD_RUNPATH_SEARCH_PATHS = (
					"$(inherited)",
					"@executable_path/Frameworks",
					"@loader_path/Frameworks",
				);
				PRODUCT_BUNDLE_IDENTIFIER = com.lior.CNNFeedTests;
				PRODUCT_NAME = "$(TARGET_NAME)";
				SWIFT_VERSION = 5.0;
				TARGETED_DEVICE_FAMILY = "1,2";
				TEST_HOST = "$(BUILT_PRODUCTS_DIR)/CNNFeed.app/CNNFeed";
			};
			name = Debug;
		};
		49BD898C255D665700DDF0A0 /* Release */ = {
			isa = XCBuildConfiguration;
			baseConfigurationReference = E6889ADE5557BE9E7B9EB031 /* Pods-CNNFeedTests.release.xcconfig */;
			buildSettings = {
				ALWAYS_EMBED_SWIFT_STANDARD_LIBRARIES = YES;
				BUNDLE_LOADER = "$(TEST_HOST)";
				CODE_SIGN_STYLE = Automatic;
				DEVELOPMENT_TEAM = 436RW8NBRZ;
				INFOPLIST_FILE = CNNFeedTests/Info.plist;
				IPHONEOS_DEPLOYMENT_TARGET = 14.0;
				LD_RUNPATH_SEARCH_PATHS = (
					"$(inherited)",
					"@executable_path/Frameworks",
					"@loader_path/Frameworks",
				);
				PRODUCT_BUNDLE_IDENTIFIER = com.lior.CNNFeedTests;
				PRODUCT_NAME = "$(TARGET_NAME)";
				SWIFT_VERSION = 5.0;
				TARGETED_DEVICE_FAMILY = "1,2";
				TEST_HOST = "$(BUILT_PRODUCTS_DIR)/CNNFeed.app/CNNFeed";
			};
			name = Release;
		};
		49BD898E255D665700DDF0A0 /* Debug */ = {
			isa = XCBuildConfiguration;
			baseConfigurationReference = 0C33AEC20C24FB03F746703B /* Pods-CNNFeed-CNNFeedUITests.debug.xcconfig */;
			buildSettings = {
				ALWAYS_EMBED_SWIFT_STANDARD_LIBRARIES = YES;
				CODE_SIGN_STYLE = Automatic;
				DEVELOPMENT_TEAM = 436RW8NBRZ;
				INFOPLIST_FILE = CNNFeedUITests/Info.plist;
				LD_RUNPATH_SEARCH_PATHS = (
					"$(inherited)",
					"@executable_path/Frameworks",
					"@loader_path/Frameworks",
				);
				PRODUCT_BUNDLE_IDENTIFIER = com.lior.CNNFeedUITests;
				PRODUCT_NAME = "$(TARGET_NAME)";
				SWIFT_VERSION = 5.0;
				TARGETED_DEVICE_FAMILY = "1,2";
				TEST_TARGET_NAME = CNNFeed;
			};
			name = Debug;
		};
		49BD898F255D665700DDF0A0 /* Release */ = {
			isa = XCBuildConfiguration;
			baseConfigurationReference = 3365E07B6E32F942B6881AA3 /* Pods-CNNFeed-CNNFeedUITests.release.xcconfig */;
			buildSettings = {
				ALWAYS_EMBED_SWIFT_STANDARD_LIBRARIES = YES;
				CODE_SIGN_STYLE = Automatic;
				DEVELOPMENT_TEAM = 436RW8NBRZ;
				INFOPLIST_FILE = CNNFeedUITests/Info.plist;
				LD_RUNPATH_SEARCH_PATHS = (
					"$(inherited)",
					"@executable_path/Frameworks",
					"@loader_path/Frameworks",
				);
				PRODUCT_BUNDLE_IDENTIFIER = com.lior.CNNFeedUITests;
				PRODUCT_NAME = "$(TARGET_NAME)";
				SWIFT_VERSION = 5.0;
				TARGETED_DEVICE_FAMILY = "1,2";
				TEST_TARGET_NAME = CNNFeed;
			};
			name = Release;
		};
/* End XCBuildConfiguration section */

/* Begin XCConfigurationList section */
		49BD8958255D665600DDF0A0 /* Build configuration list for PBXProject "CNNFeed" */ = {
			isa = XCConfigurationList;
			buildConfigurations = (
				49BD8985255D665700DDF0A0 /* Debug */,
				49BD8986255D665700DDF0A0 /* Release */,
			);
			defaultConfigurationIsVisible = 0;
			defaultConfigurationName = Release;
		};
		49BD8987255D665700DDF0A0 /* Build configuration list for PBXNativeTarget "CNNFeed" */ = {
			isa = XCConfigurationList;
			buildConfigurations = (
				49BD8988255D665700DDF0A0 /* Debug */,
				49BD8989255D665700DDF0A0 /* Release */,
			);
			defaultConfigurationIsVisible = 0;
			defaultConfigurationName = Release;
		};
		49BD898A255D665700DDF0A0 /* Build configuration list for PBXNativeTarget "CNNFeedTests" */ = {
			isa = XCConfigurationList;
			buildConfigurations = (
				49BD898B255D665700DDF0A0 /* Debug */,
				49BD898C255D665700DDF0A0 /* Release */,
			);
			defaultConfigurationIsVisible = 0;
			defaultConfigurationName = Release;
		};
		49BD898D255D665700DDF0A0 /* Build configuration list for PBXNativeTarget "CNNFeedUITests" */ = {
			isa = XCConfigurationList;
			buildConfigurations = (
				49BD898E255D665700DDF0A0 /* Debug */,
				49BD898F255D665700DDF0A0 /* Release */,
			);
			defaultConfigurationIsVisible = 0;
			defaultConfigurationName = Release;
		};
/* End XCConfigurationList section */

/* Begin XCVersionGroup section */
		49BD896B255D665700DDF0A0 /* CNNFeed.xcdatamodeld */ = {
			isa = XCVersionGroup;
			children = (
				49BD896C255D665700DDF0A0 /* CNNFeed.xcdatamodel */,
			);
			currentVersion = 49BD896C255D665700DDF0A0 /* CNNFeed.xcdatamodel */;
			path = CNNFeed.xcdatamodeld;
			sourceTree = "<group>";
			versionGroupType = wrapper.xcdatamodel;
		};
/* End XCVersionGroup section */
	};
	rootObject = 49BD8955255D665600DDF0A0 /* Project object */;
}
